// !$*UTF8*$!
{
	archiveVersion = 1;
	classes = {
	};
	objectVersion = 51;
	objects = {

/* Begin PBXBuildFile section */
		20730C890E658FDF908221C4 /* Pods_Artable.framework in Frameworks */ = {isa = PBXBuildFile; fileRef = AAC85D0A0B0F84265A1BF322 /* Pods_Artable.framework */; };
		4CB94877B5CC626ED3A3853C /* Pods_ArtableAdmin.framework in Frameworks */ = {isa = PBXBuildFile; fileRef = 79A6724687354BEB7CA5D9F8 /* Pods_ArtableAdmin.framework */; };
		E151E53E2460BFAB00CB8186 /* AppDelegate.swift in Sources */ = {isa = PBXBuildFile; fileRef = E151E53D2460BFAB00CB8186 /* AppDelegate.swift */; };
		E151E5402460BFAB00CB8186 /* SceneDelegate.swift in Sources */ = {isa = PBXBuildFile; fileRef = E151E53F2460BFAB00CB8186 /* SceneDelegate.swift */; };
		E151E5422460BFAB00CB8186 /* ViewController.swift in Sources */ = {isa = PBXBuildFile; fileRef = E151E5412460BFAB00CB8186 /* ViewController.swift */; };
		E151E5452460BFAB00CB8186 /* Main.storyboard in Resources */ = {isa = PBXBuildFile; fileRef = E151E5432460BFAB00CB8186 /* Main.storyboard */; };
		E151E5472460BFB100CB8186 /* Assets.xcassets in Resources */ = {isa = PBXBuildFile; fileRef = E151E5462460BFB100CB8186 /* Assets.xcassets */; };
		E151E54A2460BFB100CB8186 /* LaunchScreen.storyboard in Resources */ = {isa = PBXBuildFile; fileRef = E151E5482460BFB100CB8186 /* LaunchScreen.storyboard */; };
		E151E5582460C01B00CB8186 /* AppDelegate.swift in Sources */ = {isa = PBXBuildFile; fileRef = E151E5572460C01B00CB8186 /* AppDelegate.swift */; };
		E151E55A2460C01B00CB8186 /* SceneDelegate.swift in Sources */ = {isa = PBXBuildFile; fileRef = E151E5592460C01B00CB8186 /* SceneDelegate.swift */; };
		E151E55C2460C01B00CB8186 /* ViewController.swift in Sources */ = {isa = PBXBuildFile; fileRef = E151E55B2460C01B00CB8186 /* ViewController.swift */; };
		E151E55F2460C01B00CB8186 /* Main.storyboard in Resources */ = {isa = PBXBuildFile; fileRef = E151E55D2460C01B00CB8186 /* Main.storyboard */; };
		E151E5642460C01C00CB8186 /* LaunchScreen.storyboard in Resources */ = {isa = PBXBuildFile; fileRef = E151E5622460C01C00CB8186 /* LaunchScreen.storyboard */; };
		E151E56A2460C09800CB8186 /* Assets.xcassets in Resources */ = {isa = PBXBuildFile; fileRef = E151E5462460BFB100CB8186 /* Assets.xcassets */; };
		E1548EC92462330500EE6C5B /* LoginVC.swift in Sources */ = {isa = PBXBuildFile; fileRef = E1548EC82462330500EE6C5B /* LoginVC.swift */; };
		E1548ECB2462332900EE6C5B /* RegisterVC.swift in Sources */ = {isa = PBXBuildFile; fileRef = E1548ECA2462332900EE6C5B /* RegisterVC.swift */; };
		E17381372462199500580238 /* GoogleService-Info.plist in Resources */ = {isa = PBXBuildFile; fileRef = E17381362462199500580238 /* GoogleService-Info.plist */; };
		E18B1CB72461F9170073F7C6 /* LoginStoryboard.storyboard in Resources */ = {isa = PBXBuildFile; fileRef = E18B1CB62461F9170073F7C6 /* LoginStoryboard.storyboard */; };
		E18B1CB924620CCF0073F7C6 /* GoogleService-Info.plist in Resources */ = {isa = PBXBuildFile; fileRef = E18B1CB824620CCF0073F7C6 /* GoogleService-Info.plist */; };
		E1F102F724623E320043C521 /* Extensions.swift in Sources */ = {isa = PBXBuildFile; fileRef = E1F102F624623E320043C521 /* Extensions.swift */; };
		E1F102F9246243DA0043C521 /* Constants.swift in Sources */ = {isa = PBXBuildFile; fileRef = E1F102F8246243DA0043C521 /* Constants.swift */; };
		E1F102FC2462468F0043C521 /* RoundedViews.swift in Sources */ = {isa = PBXBuildFile; fileRef = E1F102FB2462468F0043C521 /* RoundedViews.swift */; };
/* End PBXBuildFile section */

/* Begin PBXFileReference section */
		0B6E04E6DCFDA77552E8C439 /* Pods-Artable.debug.xcconfig */ = {isa = PBXFileReference; includeInIndex = 1; lastKnownFileType = text.xcconfig; name = "Pods-Artable.debug.xcconfig"; path = "Target Support Files/Pods-Artable/Pods-Artable.debug.xcconfig"; sourceTree = "<group>"; };
		79A6724687354BEB7CA5D9F8 /* Pods_ArtableAdmin.framework */ = {isa = PBXFileReference; explicitFileType = wrapper.framework; includeInIndex = 0; path = Pods_ArtableAdmin.framework; sourceTree = BUILT_PRODUCTS_DIR; };
		93A8DDC2F6A660C3241A6464 /* Pods-Artable.release.xcconfig */ = {isa = PBXFileReference; includeInIndex = 1; lastKnownFileType = text.xcconfig; name = "Pods-Artable.release.xcconfig"; path = "Target Support Files/Pods-Artable/Pods-Artable.release.xcconfig"; sourceTree = "<group>"; };
		AAC85D0A0B0F84265A1BF322 /* Pods_Artable.framework */ = {isa = PBXFileReference; explicitFileType = wrapper.framework; includeInIndex = 0; path = Pods_Artable.framework; sourceTree = BUILT_PRODUCTS_DIR; };
		B162A1C073C13D8B242E53E4 /* Pods-ArtableAdmin.debug.xcconfig */ = {isa = PBXFileReference; includeInIndex = 1; lastKnownFileType = text.xcconfig; name = "Pods-ArtableAdmin.debug.xcconfig"; path = "Target Support Files/Pods-ArtableAdmin/Pods-ArtableAdmin.debug.xcconfig"; sourceTree = "<group>"; };
		E151E53A2460BFAB00CB8186 /* Artable.app */ = {isa = PBXFileReference; explicitFileType = wrapper.application; includeInIndex = 0; path = Artable.app; sourceTree = BUILT_PRODUCTS_DIR; };
		E151E53D2460BFAB00CB8186 /* AppDelegate.swift */ = {isa = PBXFileReference; lastKnownFileType = sourcecode.swift; path = AppDelegate.swift; sourceTree = "<group>"; };
		E151E53F2460BFAB00CB8186 /* SceneDelegate.swift */ = {isa = PBXFileReference; lastKnownFileType = sourcecode.swift; path = SceneDelegate.swift; sourceTree = "<group>"; };
		E151E5412460BFAB00CB8186 /* ViewController.swift */ = {isa = PBXFileReference; lastKnownFileType = sourcecode.swift; path = ViewController.swift; sourceTree = "<group>"; };
		E151E5442460BFAB00CB8186 /* Base */ = {isa = PBXFileReference; lastKnownFileType = file.storyboard; name = Base; path = Base.lproj/Main.storyboard; sourceTree = "<group>"; };
		E151E5462460BFB100CB8186 /* Assets.xcassets */ = {isa = PBXFileReference; lastKnownFileType = folder.assetcatalog; path = Assets.xcassets; sourceTree = "<group>"; };
		E151E5492460BFB100CB8186 /* Base */ = {isa = PBXFileReference; lastKnownFileType = file.storyboard; name = Base; path = Base.lproj/LaunchScreen.storyboard; sourceTree = "<group>"; };
		E151E54B2460BFB100CB8186 /* Info.plist */ = {isa = PBXFileReference; lastKnownFileType = text.plist.xml; path = Info.plist; sourceTree = "<group>"; };
		E151E5552460C01B00CB8186 /* ArtableAdmin.app */ = {isa = PBXFileReference; explicitFileType = wrapper.application; includeInIndex = 0; path = ArtableAdmin.app; sourceTree = BUILT_PRODUCTS_DIR; };
		E151E5572460C01B00CB8186 /* AppDelegate.swift */ = {isa = PBXFileReference; lastKnownFileType = sourcecode.swift; path = AppDelegate.swift; sourceTree = "<group>"; };
		E151E5592460C01B00CB8186 /* SceneDelegate.swift */ = {isa = PBXFileReference; lastKnownFileType = sourcecode.swift; path = SceneDelegate.swift; sourceTree = "<group>"; };
		E151E55B2460C01B00CB8186 /* ViewController.swift */ = {isa = PBXFileReference; lastKnownFileType = sourcecode.swift; path = ViewController.swift; sourceTree = "<group>"; };
		E151E55E2460C01B00CB8186 /* Base */ = {isa = PBXFileReference; lastKnownFileType = file.storyboard; name = Base; path = Base.lproj/Main.storyboard; sourceTree = "<group>"; };
		E151E5632460C01C00CB8186 /* Base */ = {isa = PBXFileReference; lastKnownFileType = file.storyboard; name = Base; path = Base.lproj/LaunchScreen.storyboard; sourceTree = "<group>"; };
		E151E5652460C01C00CB8186 /* Info.plist */ = {isa = PBXFileReference; lastKnownFileType = text.plist.xml; path = Info.plist; sourceTree = "<group>"; };
		E1548EC82462330500EE6C5B /* LoginVC.swift */ = {isa = PBXFileReference; lastKnownFileType = sourcecode.swift; path = LoginVC.swift; sourceTree = "<group>"; };
		E1548ECA2462332900EE6C5B /* RegisterVC.swift */ = {isa = PBXFileReference; lastKnownFileType = sourcecode.swift; path = RegisterVC.swift; sourceTree = "<group>"; };
		E17381362462199500580238 /* GoogleService-Info.plist */ = {isa = PBXFileReference; fileEncoding = 4; lastKnownFileType = text.plist.xml; path = "GoogleService-Info.plist"; sourceTree = "<group>"; };
		E18B1CB62461F9170073F7C6 /* LoginStoryboard.storyboard */ = {isa = PBXFileReference; lastKnownFileType = file.storyboard; path = LoginStoryboard.storyboard; sourceTree = "<group>"; };
		E18B1CB824620CCF0073F7C6 /* GoogleService-Info.plist */ = {isa = PBXFileReference; fileEncoding = 4; lastKnownFileType = text.plist.xml; path = "GoogleService-Info.plist"; sourceTree = "<group>"; };
		E1F102F624623E320043C521 /* Extensions.swift */ = {isa = PBXFileReference; lastKnownFileType = sourcecode.swift; path = Extensions.swift; sourceTree = "<group>"; };
		E1F102F8246243DA0043C521 /* Constants.swift */ = {isa = PBXFileReference; lastKnownFileType = sourcecode.swift; path = Constants.swift; sourceTree = "<group>"; };
		E1F102FB2462468F0043C521 /* RoundedViews.swift */ = {isa = PBXFileReference; lastKnownFileType = sourcecode.swift; path = RoundedViews.swift; sourceTree = "<group>"; };
		F31220D5E268CB948E1882F9 /* Pods-ArtableAdmin.release.xcconfig */ = {isa = PBXFileReference; includeInIndex = 1; lastKnownFileType = text.xcconfig; name = "Pods-ArtableAdmin.release.xcconfig"; path = "Target Support Files/Pods-ArtableAdmin/Pods-ArtableAdmin.release.xcconfig"; sourceTree = "<group>"; };
/* End PBXFileReference section */

/* Begin PBXFrameworksBuildPhase section */
		E151E5372460BFAB00CB8186 /* Frameworks */ = {
			isa = PBXFrameworksBuildPhase;
			buildActionMask = 2147483647;
			files = (
				20730C890E658FDF908221C4 /* Pods_Artable.framework in Frameworks */,
			);
			runOnlyForDeploymentPostprocessing = 0;
		};
		E151E5522460C01B00CB8186 /* Frameworks */ = {
			isa = PBXFrameworksBuildPhase;
			buildActionMask = 2147483647;
			files = (
				4CB94877B5CC626ED3A3853C /* Pods_ArtableAdmin.framework in Frameworks */,
			);
			runOnlyForDeploymentPostprocessing = 0;
		};
/* End PBXFrameworksBuildPhase section */

/* Begin PBXGroup section */
		0457E1ED5EA9413806B24596 /* Pods */ = {
			isa = PBXGroup;
			children = (
				0B6E04E6DCFDA77552E8C439 /* Pods-Artable.debug.xcconfig */,
				93A8DDC2F6A660C3241A6464 /* Pods-Artable.release.xcconfig */,
				B162A1C073C13D8B242E53E4 /* Pods-ArtableAdmin.debug.xcconfig */,
				F31220D5E268CB948E1882F9 /* Pods-ArtableAdmin.release.xcconfig */,
			);
			path = Pods;
			sourceTree = "<group>";
		};
		870CB4289CC47FDEC28DA3B3 /* Frameworks */ = {
			isa = PBXGroup;
			children = (
				AAC85D0A0B0F84265A1BF322 /* Pods_Artable.framework */,
				79A6724687354BEB7CA5D9F8 /* Pods_ArtableAdmin.framework */,
			);
			name = Frameworks;
			sourceTree = "<group>";
		};
		E151E5312460BFAB00CB8186 = {
			isa = PBXGroup;
			children = (
				E151E5692460C05D00CB8186 /* Shared */,
				E151E53C2460BFAB00CB8186 /* Artable */,
				E151E5562460C01B00CB8186 /* ArtableAdmin */,
				E151E53B2460BFAB00CB8186 /* Products */,
				0457E1ED5EA9413806B24596 /* Pods */,
				870CB4289CC47FDEC28DA3B3 /* Frameworks */,
			);
			sourceTree = "<group>";
		};
		E151E53B2460BFAB00CB8186 /* Products */ = {
			isa = PBXGroup;
			children = (
				E151E53A2460BFAB00CB8186 /* Artable.app */,
				E151E5552460C01B00CB8186 /* ArtableAdmin.app */,
			);
			name = Products;
			sourceTree = "<group>";
		};
		E151E53C2460BFAB00CB8186 /* Artable */ = {
			isa = PBXGroup;
			children = (
				E1548EC62462327700EE6C5B /* Model */,
				E1548EC52462327100EE6C5B /* View */,
				E1548EC42462326500EE6C5B /* Controller */,
				E1548EC72462327F00EE6C5B /* Storyboards */,
				E18B1CB824620CCF0073F7C6 /* GoogleService-Info.plist */,
				E151E54B2460BFB100CB8186 /* Info.plist */,
			);
			path = Artable;
			sourceTree = "<group>";
		};
		E151E5562460C01B00CB8186 /* ArtableAdmin */ = {
			isa = PBXGroup;
			children = (
				E151E5572460C01B00CB8186 /* AppDelegate.swift */,
				E151E5592460C01B00CB8186 /* SceneDelegate.swift */,
				E151E55B2460C01B00CB8186 /* ViewController.swift */,
				E151E55D2460C01B00CB8186 /* Main.storyboard */,
				E151E5622460C01C00CB8186 /* LaunchScreen.storyboard */,
				E17381362462199500580238 /* GoogleService-Info.plist */,
				E151E5652460C01C00CB8186 /* Info.plist */,
			);
			path = ArtableAdmin;
			sourceTree = "<group>";
		};
		E151E5692460C05D00CB8186 /* Shared */ = {
			isa = PBXGroup;
			children = (
				E1F102FA2462467B0043C521 /* View */,
				E1F102F524623E200043C521 /* Utils */,
				E151E5462460BFB100CB8186 /* Assets.xcassets */,
			);
			path = Shared;
			sourceTree = "<group>";
		};
		E1548EC42462326500EE6C5B /* Controller */ = {
			isa = PBXGroup;
			children = (
				E1548EC82462330500EE6C5B /* LoginVC.swift */,
				E1548ECA2462332900EE6C5B /* RegisterVC.swift */,
				E151E53D2460BFAB00CB8186 /* AppDelegate.swift */,
				E151E53F2460BFAB00CB8186 /* SceneDelegate.swift */,
				E151E5412460BFAB00CB8186 /* ViewController.swift */,
			);
			path = Controller;
			sourceTree = "<group>";
		};
		E1548EC52462327100EE6C5B /* View */ = {
			isa = PBXGroup;
			children = (
			);
			path = View;
			sourceTree = "<group>";
		};
		E1548EC62462327700EE6C5B /* Model */ = {
			isa = PBXGroup;
			children = (
			);
			path = Model;
			sourceTree = "<group>";
		};
		E1548EC72462327F00EE6C5B /* Storyboards */ = {
			isa = PBXGroup;
			children = (
				E18B1CB62461F9170073F7C6 /* LoginStoryboard.storyboard */,
				E151E5432460BFAB00CB8186 /* Main.storyboard */,
				E151E5482460BFB100CB8186 /* LaunchScreen.storyboard */,
			);
			path = Storyboards;
			sourceTree = "<group>";
		};
		E1F102F524623E200043C521 /* Utils */ = {
			isa = PBXGroup;
			children = (
				E1F102F624623E320043C521 /* Extensions.swift */,
				E1F102F8246243DA0043C521 /* Constants.swift */,
			);
			path = Utils;
			sourceTree = "<group>";
		};
		E1F102FA2462467B0043C521 /* View */ = {
			isa = PBXGroup;
			children = (
				E1F102FB2462468F0043C521 /* RoundedViews.swift */,
			);
			path = View;
			sourceTree = "<group>";
		};
/* End PBXGroup section */

/* Begin PBXNativeTarget section */
		E151E5392460BFAB00CB8186 /* Artable */ = {
			isa = PBXNativeTarget;
			buildConfigurationList = E151E54E2460BFB100CB8186 /* Build configuration list for PBXNativeTarget "Artable" */;
			buildPhases = (
				72F3BE082AEF9CB8CDE4A8AC /* [CP] Check Pods Manifest.lock */,
				E151E5362460BFAB00CB8186 /* Sources */,
				E151E5372460BFAB00CB8186 /* Frameworks */,
				E151E5382460BFAB00CB8186 /* Resources */,
				85B14ACC3D9F23E72DA08692 /* [CP] Embed Pods Frameworks */,
			);
			buildRules = (
			);
			dependencies = (
			);
			name = Artable;
			productName = Artable;
			productReference = E151E53A2460BFAB00CB8186 /* Artable.app */;
			productType = "com.apple.product-type.application";
		};
		E151E5542460C01B00CB8186 /* ArtableAdmin */ = {
			isa = PBXNativeTarget;
			buildConfigurationList = E151E5662460C01C00CB8186 /* Build configuration list for PBXNativeTarget "ArtableAdmin" */;
			buildPhases = (
				CEF489F3E67F02D9D3B1310B /* [CP] Check Pods Manifest.lock */,
				E151E5512460C01B00CB8186 /* Sources */,
				E151E5522460C01B00CB8186 /* Frameworks */,
				E151E5532460C01B00CB8186 /* Resources */,
				877F589A33A7DD5AAFDACAE9 /* [CP] Embed Pods Frameworks */,
			);
			buildRules = (
			);
			dependencies = (
			);
			name = ArtableAdmin;
			productName = ArtableAdmin;
			productReference = E151E5552460C01B00CB8186 /* ArtableAdmin.app */;
			productType = "com.apple.product-type.application";
		};
/* End PBXNativeTarget section */

/* Begin PBXProject section */
		E151E5322460BFAB00CB8186 /* Project object */ = {
			isa = PBXProject;
			attributes = {
				LastSwiftUpdateCheck = 1140;
				LastUpgradeCheck = 1140;
				ORGANIZATIONNAME = Andros;
				TargetAttributes = {
					E151E5392460BFAB00CB8186 = {
						CreatedOnToolsVersion = 11.4.1;
					};
					E151E5542460C01B00CB8186 = {
						CreatedOnToolsVersion = 11.4.1;
					};
				};
			};
			buildConfigurationList = E151E5352460BFAB00CB8186 /* Build configuration list for PBXProject "Artable" */;
			compatibilityVersion = "Xcode 9.3";
			developmentRegion = en;
			hasScannedForEncodings = 0;
			knownRegions = (
				en,
				Base,
			);
			mainGroup = E151E5312460BFAB00CB8186;
			productRefGroup = E151E53B2460BFAB00CB8186 /* Products */;
			projectDirPath = "";
			projectRoot = "";
			targets = (
				E151E5392460BFAB00CB8186 /* Artable */,
				E151E5542460C01B00CB8186 /* ArtableAdmin */,
			);
		};
/* End PBXProject section */

/* Begin PBXResourcesBuildPhase section */
		E151E5382460BFAB00CB8186 /* Resources */ = {
			isa = PBXResourcesBuildPhase;
			buildActionMask = 2147483647;
			files = (
				E151E54A2460BFB100CB8186 /* LaunchScreen.storyboard in Resources */,
				E151E5472460BFB100CB8186 /* Assets.xcassets in Resources */,
				E18B1CB924620CCF0073F7C6 /* GoogleService-Info.plist in Resources */,
				E151E5452460BFAB00CB8186 /* Main.storyboard in Resources */,
				E18B1CB72461F9170073F7C6 /* LoginStoryboard.storyboard in Resources */,
			);
			runOnlyForDeploymentPostprocessing = 0;
		};
		E151E5532460C01B00CB8186 /* Resources */ = {
			isa = PBXResourcesBuildPhase;
			buildActionMask = 2147483647;
			files = (
				E151E5642460C01C00CB8186 /* LaunchScreen.storyboard in Resources */,
				E17381372462199500580238 /* GoogleService-Info.plist in Resources */,
				E151E56A2460C09800CB8186 /* Assets.xcassets in Resources */,
				E151E55F2460C01B00CB8186 /* Main.storyboard in Resources */,
			);
			runOnlyForDeploymentPostprocessing = 0;
		};
/* End PBXResourcesBuildPhase section */

/* Begin PBXShellScriptBuildPhase section */
		72F3BE082AEF9CB8CDE4A8AC /* [CP] Check Pods Manifest.lock */ = {
			isa = PBXShellScriptBuildPhase;
			buildActionMask = 2147483647;
			files = (
			);
			inputFileListPaths = (
			);
			inputPaths = (
				"${PODS_PODFILE_DIR_PATH}/Podfile.lock",
				"${PODS_ROOT}/Manifest.lock",
			);
			name = "[CP] Check Pods Manifest.lock";
			outputFileListPaths = (
			);
			outputPaths = (
				"$(DERIVED_FILE_DIR)/Pods-Artable-checkManifestLockResult.txt",
			);
			runOnlyForDeploymentPostprocessing = 0;
			shellPath = /bin/sh;
			shellScript = "diff \"${PODS_PODFILE_DIR_PATH}/Podfile.lock\" \"${PODS_ROOT}/Manifest.lock\" > /dev/null\nif [ $? != 0 ] ; then\n    # print error to STDERR\n    echo \"error: The sandbox is not in sync with the Podfile.lock. Run 'pod install' or update your CocoaPods installation.\" >&2\n    exit 1\nfi\n# This output is used by Xcode 'outputs' to avoid re-running this script phase.\necho \"SUCCESS\" > \"${SCRIPT_OUTPUT_FILE_0}\"\n";
			showEnvVarsInLog = 0;
		};
		85B14ACC3D9F23E72DA08692 /* [CP] Embed Pods Frameworks */ = {
			isa = PBXShellScriptBuildPhase;
			buildActionMask = 2147483647;
			files = (
			);
			inputFileListPaths = (
				"${PODS_ROOT}/Target Support Files/Pods-Artable/Pods-Artable-frameworks-${CONFIGURATION}-input-files.xcfilelist",
			);
			name = "[CP] Embed Pods Frameworks";
			outputFileListPaths = (
				"${PODS_ROOT}/Target Support Files/Pods-Artable/Pods-Artable-frameworks-${CONFIGURATION}-output-files.xcfilelist",
			);
			runOnlyForDeploymentPostprocessing = 0;
			shellPath = /bin/sh;
			shellScript = "\"${PODS_ROOT}/Target Support Files/Pods-Artable/Pods-Artable-frameworks.sh\"\n";
			showEnvVarsInLog = 0;
		};
		877F589A33A7DD5AAFDACAE9 /* [CP] Embed Pods Frameworks */ = {
			isa = PBXShellScriptBuildPhase;
			buildActionMask = 2147483647;
			files = (
			);
			inputFileListPaths = (
				"${PODS_ROOT}/Target Support Files/Pods-ArtableAdmin/Pods-ArtableAdmin-frameworks-${CONFIGURATION}-input-files.xcfilelist",
			);
			name = "[CP] Embed Pods Frameworks";
			outputFileListPaths = (
				"${PODS_ROOT}/Target Support Files/Pods-ArtableAdmin/Pods-ArtableAdmin-frameworks-${CONFIGURATION}-output-files.xcfilelist",
			);
			runOnlyForDeploymentPostprocessing = 0;
			shellPath = /bin/sh;
			shellScript = "\"${PODS_ROOT}/Target Support Files/Pods-ArtableAdmin/Pods-ArtableAdmin-frameworks.sh\"\n";
			showEnvVarsInLog = 0;
		};
		CEF489F3E67F02D9D3B1310B /* [CP] Check Pods Manifest.lock */ = {
			isa = PBXShellScriptBuildPhase;
			buildActionMask = 2147483647;
			files = (
			);
			inputFileListPaths = (
			);
			inputPaths = (
				"${PODS_PODFILE_DIR_PATH}/Podfile.lock",
				"${PODS_ROOT}/Manifest.lock",
			);
			name = "[CP] Check Pods Manifest.lock";
			outputFileListPaths = (
			);
			outputPaths = (
				"$(DERIVED_FILE_DIR)/Pods-ArtableAdmin-checkManifestLockResult.txt",
			);
			runOnlyForDeploymentPostprocessing = 0;
			shellPath = /bin/sh;
			shellScript = "diff \"${PODS_PODFILE_DIR_PATH}/Podfile.lock\" \"${PODS_ROOT}/Manifest.lock\" > /dev/null\nif [ $? != 0 ] ; then\n    # print error to STDERR\n    echo \"error: The sandbox is not in sync with the Podfile.lock. Run 'pod install' or update your CocoaPods installation.\" >&2\n    exit 1\nfi\n# This output is used by Xcode 'outputs' to avoid re-running this script phase.\necho \"SUCCESS\" > \"${SCRIPT_OUTPUT_FILE_0}\"\n";
			showEnvVarsInLog = 0;
		};
/* End PBXShellScriptBuildPhase section */

/* Begin PBXSourcesBuildPhase section */
		E151E5362460BFAB00CB8186 /* Sources */ = {
			isa = PBXSourcesBuildPhase;
			buildActionMask = 2147483647;
			files = (
				E151E5422460BFAB00CB8186 /* ViewController.swift in Sources */,
				E1F102F724623E320043C521 /* Extensions.swift in Sources */,
				E151E53E2460BFAB00CB8186 /* AppDelegate.swift in Sources */,
				E1548EC92462330500EE6C5B /* LoginVC.swift in Sources */,
				E1F102FC2462468F0043C521 /* RoundedViews.swift in Sources */,
				E1F102F9246243DA0043C521 /* Constants.swift in Sources */,
				E151E5402460BFAB00CB8186 /* SceneDelegate.swift in Sources */,
				E1548ECB2462332900EE6C5B /* RegisterVC.swift in Sources */,
			);
			runOnlyForDeploymentPostprocessing = 0;
		};
		E151E5512460C01B00CB8186 /* Sources */ = {
			isa = PBXSourcesBuildPhase;
			buildActionMask = 2147483647;
			files = (
				E151E55C2460C01B00CB8186 /* ViewController.swift in Sources */,
				E151E5582460C01B00CB8186 /* AppDelegate.swift in Sources */,
				E151E55A2460C01B00CB8186 /* SceneDelegate.swift in Sources */,
			);
			runOnlyForDeploymentPostprocessing = 0;
		};
/* End PBXSourcesBuildPhase section */

/* Begin PBXVariantGroup section */
		E151E5432460BFAB00CB8186 /* Main.storyboard */ = {
			isa = PBXVariantGroup;
			children = (
				E151E5442460BFAB00CB8186 /* Base */,
			);
			name = Main.storyboard;
			sourceTree = "<group>";
		};
		E151E5482460BFB100CB8186 /* LaunchScreen.storyboard */ = {
			isa = PBXVariantGroup;
			children = (
				E151E5492460BFB100CB8186 /* Base */,
			);
			name = LaunchScreen.storyboard;
			sourceTree = "<group>";
		};
		E151E55D2460C01B00CB8186 /* Main.storyboard */ = {
			isa = PBXVariantGroup;
			children = (
				E151E55E2460C01B00CB8186 /* Base */,
			);
			name = Main.storyboard;
			sourceTree = "<group>";
		};
		E151E5622460C01C00CB8186 /* LaunchScreen.storyboard */ = {
			isa = PBXVariantGroup;
			children = (
				E151E5632460C01C00CB8186 /* Base */,
			);
			name = LaunchScreen.storyboard;
			sourceTree = "<group>";
		};
/* End PBXVariantGroup section */

/* Begin XCBuildConfiguration section */
		E151E54C2460BFB100CB8186 /* Debug */ = {
			isa = XCBuildConfiguration;
			buildSettings = {
				ALWAYS_SEARCH_USER_PATHS = NO;
				CLANG_ANALYZER_NONNULL = YES;
				CLANG_ANALYZER_NUMBER_OBJECT_CONVERSION = YES_AGGRESSIVE;
				CLANG_CXX_LANGUAGE_STANDARD = "gnu++14";
				CLANG_CXX_LIBRARY = "libc++";
				CLANG_ENABLE_MODULES = YES;
				CLANG_ENABLE_OBJC_ARC = YES;
				CLANG_ENABLE_OBJC_WEAK = YES;
				CLANG_WARN_BLOCK_CAPTURE_AUTORELEASING = YES;
				CLANG_WARN_BOOL_CONVERSION = YES;
				CLANG_WARN_COMMA = YES;
				CLANG_WARN_CONSTANT_CONVERSION = YES;
				CLANG_WARN_DEPRECATED_OBJC_IMPLEMENTATIONS = YES;
				CLANG_WARN_DIRECT_OBJC_ISA_USAGE = YES_ERROR;
				CLANG_WARN_DOCUMENTATION_COMMENTS = YES;
				CLANG_WARN_EMPTY_BODY = YES;
				CLANG_WARN_ENUM_CONVERSION = YES;
				CLANG_WARN_INFINITE_RECURSION = YES;
				CLANG_WARN_INT_CONVERSION = YES;
				CLANG_WARN_NON_LITERAL_NULL_CONVERSION = YES;
				CLANG_WARN_OBJC_IMPLICIT_RETAIN_SELF = YES;
				CLANG_WARN_OBJC_LITERAL_CONVERSION = YES;
				CLANG_WARN_OBJC_ROOT_CLASS = YES_ERROR;
				CLANG_WARN_RANGE_LOOP_ANALYSIS = YES;
				CLANG_WARN_STRICT_PROTOTYPES = YES;
				CLANG_WARN_SUSPICIOUS_MOVE = YES;
				CLANG_WARN_UNGUARDED_AVAILABILITY = YES_AGGRESSIVE;
				CLANG_WARN_UNREACHABLE_CODE = YES;
				CLANG_WARN__DUPLICATE_METHOD_MATCH = YES;
				COPY_PHASE_STRIP = NO;
				DEBUG_INFORMATION_FORMAT = dwarf;
				ENABLE_STRICT_OBJC_MSGSEND = YES;
				ENABLE_TESTABILITY = YES;
				GCC_C_LANGUAGE_STANDARD = gnu11;
				GCC_DYNAMIC_NO_PIC = NO;
				GCC_NO_COMMON_BLOCKS = YES;
				GCC_OPTIMIZATION_LEVEL = 0;
				GCC_PREPROCESSOR_DEFINITIONS = (
					"DEBUG=1",
					"$(inherited)",
				);
				GCC_WARN_64_TO_32_BIT_CONVERSION = YES;
				GCC_WARN_ABOUT_RETURN_TYPE = YES_ERROR;
				GCC_WARN_UNDECLARED_SELECTOR = YES;
				GCC_WARN_UNINITIALIZED_AUTOS = YES_AGGRESSIVE;
				GCC_WARN_UNUSED_FUNCTION = YES;
				GCC_WARN_UNUSED_VARIABLE = YES;
				IPHONEOS_DEPLOYMENT_TARGET = 13.4;
				MTL_ENABLE_DEBUG_INFO = INCLUDE_SOURCE;
				MTL_FAST_MATH = YES;
				ONLY_ACTIVE_ARCH = YES;
				SDKROOT = iphoneos;
				SWIFT_ACTIVE_COMPILATION_CONDITIONS = DEBUG;
				SWIFT_OPTIMIZATION_LEVEL = "-Onone";
			};
			name = Debug;
		};
		E151E54D2460BFB100CB8186 /* Release */ = {
			isa = XCBuildConfiguration;
			buildSettings = {
				ALWAYS_SEARCH_USER_PATHS = NO;
				CLANG_ANALYZER_NONNULL = YES;
				CLANG_ANALYZER_NUMBER_OBJECT_CONVERSION = YES_AGGRESSIVE;
				CLANG_CXX_LANGUAGE_STANDARD = "gnu++14";
				CLANG_CXX_LIBRARY = "libc++";
				CLANG_ENABLE_MODULES = YES;
				CLANG_ENABLE_OBJC_ARC = YES;
				CLANG_ENABLE_OBJC_WEAK = YES;
				CLANG_WARN_BLOCK_CAPTURE_AUTORELEASING = YES;
				CLANG_WARN_BOOL_CONVERSION = YES;
				CLANG_WARN_COMMA = YES;
				CLANG_WARN_CONSTANT_CONVERSION = YES;
				CLANG_WARN_DEPRECATED_OBJC_IMPLEMENTATIONS = YES;
				CLANG_WARN_DIRECT_OBJC_ISA_USAGE = YES_ERROR;
				CLANG_WARN_DOCUMENTATION_COMMENTS = YES;
				CLANG_WARN_EMPTY_BODY = YES;
				CLANG_WARN_ENUM_CONVERSION = YES;
				CLANG_WARN_INFINITE_RECURSION = YES;
				CLANG_WARN_INT_CONVERSION = YES;
				CLANG_WARN_NON_LITERAL_NULL_CONVERSION = YES;
				CLANG_WARN_OBJC_IMPLICIT_RETAIN_SELF = YES;
				CLANG_WARN_OBJC_LITERAL_CONVERSION = YES;
				CLANG_WARN_OBJC_ROOT_CLASS = YES_ERROR;
				CLANG_WARN_RANGE_LOOP_ANALYSIS = YES;
				CLANG_WARN_STRICT_PROTOTYPES = YES;
				CLANG_WARN_SUSPICIOUS_MOVE = YES;
				CLANG_WARN_UNGUARDED_AVAILABILITY = YES_AGGRESSIVE;
				CLANG_WARN_UNREACHABLE_CODE = YES;
				CLANG_WARN__DUPLICATE_METHOD_MATCH = YES;
				COPY_PHASE_STRIP = NO;
				DEBUG_INFORMATION_FORMAT = "dwarf-with-dsym";
				ENABLE_NS_ASSERTIONS = NO;
				ENABLE_STRICT_OBJC_MSGSEND = YES;
				GCC_C_LANGUAGE_STANDARD = gnu11;
				GCC_NO_COMMON_BLOCKS = YES;
				GCC_WARN_64_TO_32_BIT_CONVERSION = YES;
				GCC_WARN_ABOUT_RETURN_TYPE = YES_ERROR;
				GCC_WARN_UNDECLARED_SELECTOR = YES;
				GCC_WARN_UNINITIALIZED_AUTOS = YES_AGGRESSIVE;
				GCC_WARN_UNUSED_FUNCTION = YES;
				GCC_WARN_UNUSED_VARIABLE = YES;
				IPHONEOS_DEPLOYMENT_TARGET = 13.4;
				MTL_ENABLE_DEBUG_INFO = NO;
				MTL_FAST_MATH = YES;
				SDKROOT = iphoneos;
				SWIFT_COMPILATION_MODE = wholemodule;
				SWIFT_OPTIMIZATION_LEVEL = "-O";
				VALIDATE_PRODUCT = YES;
			};
			name = Release;
		};
		E151E54F2460BFB100CB8186 /* Debug */ = {
			isa = XCBuildConfiguration;
			baseConfigurationReference = 0B6E04E6DCFDA77552E8C439 /* Pods-Artable.debug.xcconfig */;
			buildSettings = {
				ASSETCATALOG_COMPILER_APPICON_NAME = AppIcon;
				CODE_SIGN_STYLE = Automatic;
				DEVELOPMENT_TEAM = 4LGH2B5AAM;
				INFOPLIST_FILE = Artable/Info.plist;
				LD_RUNPATH_SEARCH_PATHS = (
					"$(inherited)",
					"@executable_path/Frameworks",
				);
				PRODUCT_BUNDLE_IDENTIFIER = com.AndrosGarcia.Artable;
				PRODUCT_NAME = "$(TARGET_NAME)";
				SWIFT_VERSION = 5.0;
				TARGETED_DEVICE_FAMILY = "1,2";
			};
			name = Debug;
		};
		E151E5502460BFB100CB8186 /* Release */ = {
			isa = XCBuildConfiguration;
			baseConfigurationReference = 93A8DDC2F6A660C3241A6464 /* Pods-Artable.release.xcconfig */;
			buildSettings = {
				ASSETCATALOG_COMPILER_APPICON_NAME = AppIcon;
				CODE_SIGN_STYLE = Automatic;
				DEVELOPMENT_TEAM = 4LGH2B5AAM;
				INFOPLIST_FILE = Artable/Info.plist;
				LD_RUNPATH_SEARCH_PATHS = (
					"$(inherited)",
					"@executable_path/Frameworks",
				);
				PRODUCT_BUNDLE_IDENTIFIER = com.AndrosGarcia.Artable;
				PRODUCT_NAME = "$(TARGET_NAME)";
				SWIFT_VERSION = 5.0;
				TARGETED_DEVICE_FAMILY = "1,2";
			};
			name = Release;
		};
		E151E5672460C01C00CB8186 /* Debug */ = {
			isa = XCBuildConfiguration;
			baseConfigurationReference = B162A1C073C13D8B242E53E4 /* Pods-ArtableAdmin.debug.xcconfig */;
			buildSettings = {
				ASSETCATALOG_COMPILER_APPICON_NAME = AppIcon;
				CODE_SIGN_STYLE = Automatic;
				DEVELOPMENT_TEAM = 4LGH2B5AAM;
				INFOPLIST_FILE = ArtableAdmin/Info.plist;
				LD_RUNPATH_SEARCH_PATHS = (
					"$(inherited)",
					"@executable_path/Frameworks",
				);
				PRODUCT_BUNDLE_IDENTIFIER = com.AndrosGarcia.ArtableAdmin;
				PRODUCT_NAME = "$(TARGET_NAME)";
				SWIFT_VERSION = 5.0;
				TARGETED_DEVICE_FAMILY = "1,2";
			};
			name = Debug;
		};
		E151E5682460C01C00CB8186 /* Release */ = {
			isa = XCBuildConfiguration;
			baseConfigurationReference = F31220D5E268CB948E1882F9 /* Pods-ArtableAdmin.release.xcconfig */;
			buildSettings = {
				ASSETCATALOG_COMPILER_APPICON_NAME = AppIcon;
				CODE_SIGN_STYLE = Automatic;
				DEVELOPMENT_TEAM = 4LGH2B5AAM;
				INFOPLIST_FILE = ArtableAdmin/Info.plist;
				LD_RUNPATH_SEARCH_PATHS = (
					"$(inherited)",
					"@executable_path/Frameworks",
				);
				PRODUCT_BUNDLE_IDENTIFIER = com.AndrosGarcia.ArtableAdmin;
				PRODUCT_NAME = "$(TARGET_NAME)";
				SWIFT_VERSION = 5.0;
				TARGETED_DEVICE_FAMILY = "1,2";
			};
			name = Release;
		};
/* End XCBuildConfiguration section */

/* Begin XCConfigurationList section */
		E151E5352460BFAB00CB8186 /* Build configuration list for PBXProject "Artable" */ = {
			isa = XCConfigurationList;
			buildConfigurations = (
				E151E54C2460BFB100CB8186 /* Debug */,
				E151E54D2460BFB100CB8186 /* Release */,
			);
			defaultConfigurationIsVisible = 0;
			defaultConfigurationName = Release;
		};
		E151E54E2460BFB100CB8186 /* Build configuration list for PBXNativeTarget "Artable" */ = {
			isa = XCConfigurationList;
			buildConfigurations = (
				E151E54F2460BFB100CB8186 /* Debug */,
				E151E5502460BFB100CB8186 /* Release */,
			);
			defaultConfigurationIsVisible = 0;
			defaultConfigurationName = Release;
		};
		E151E5662460C01C00CB8186 /* Build configuration list for PBXNativeTarget "ArtableAdmin" */ = {
			isa = XCConfigurationList;
			buildConfigurations = (
				E151E5672460C01C00CB8186 /* Debug */,
				E151E5682460C01C00CB8186 /* Release */,
			);
			defaultConfigurationIsVisible = 0;
			defaultConfigurationName = Release;
		};
/* End XCConfigurationList section */
	};
	rootObject = E151E5322460BFAB00CB8186 /* Project object */;
}
